
Microsoft Visual Studio Solution File, Format Version 10.00
# Visual Studio 2008
Project("{FAE04EC0-301F-11D3-BF4B-00C04F79EFBC}") = "GAssistant", "ClientDB\GAssistant.csproj", "{3A3F8E0E-BB13-4EB6-88C1-2492AE2DACCC}"
	ProjectSection(ProjectDependencies) = postProject
		{C6C3120B-A8F6-4F59-ACB3-CCC7F7FFA24F} = {C6C3120B-A8F6-4F59-ACB3-CCC7F7FFA24F}
		{A143DC21-278F-4D35-848E-0EA98AC8A330} = {A143DC21-278F-4D35-848E-0EA98AC8A330}
		{A4463B91-8424-4040-89D6-5449DA9F46F6} = {A4463B91-8424-4040-89D6-5449DA9F46F6}
		{3B65D397-4C3D-44BC-8E69-7AE6A16581F8} = {3B65D397-4C3D-44BC-8E69-7AE6A16581F8}
		{068087E2-864B-40C7-9CBD-AFF4763A99FB} = {068087E2-864B-40C7-9CBD-AFF4763A99FB}
	EndProjectSection
EndProject
Project("{54435603-DBB4-11D2-8724-00A0C9A8B90C}") = "Clients", "Clients\Clients.vdproj", "{5CCD8F8A-4432-4793-A2AF-DF8C4A9BD3B7}"
EndProject
Project("{FAE04EC0-301F-11D3-BF4B-00C04F79EFBC}") = "Trigger", "Trigger\Trigger.csproj", "{068087E2-864B-40C7-9CBD-AFF4763A99FB}"
	ProjectSection(ProjectDependencies) = postProject
		{A143DC21-278F-4D35-848E-0EA98AC8A330} = {A143DC21-278F-4D35-848E-0EA98AC8A330}
		{A4463B91-8424-4040-89D6-5449DA9F46F6} = {A4463B91-8424-4040-89D6-5449DA9F46F6}
		{3B65D397-4C3D-44BC-8E69-7AE6A16581F8} = {3B65D397-4C3D-44BC-8E69-7AE6A16581F8}
	EndProjectSection
EndProject
Project("{FAE04EC0-301F-11D3-BF4B-00C04F79EFBC}") = "db", "db\db.csproj", "{A143DC21-278F-4D35-848E-0EA98AC8A330}"
	ProjectSection(ProjectDependencies) = postProject
		{A4463B91-8424-4040-89D6-5449DA9F46F6} = {A4463B91-8424-4040-89D6-5449DA9F46F6}
		{3B65D397-4C3D-44BC-8E69-7AE6A16581F8} = {3B65D397-4C3D-44BC-8E69-7AE6A16581F8}
	EndProjectSection
EndProject
Project("{FAE04EC0-301F-11D3-BF4B-00C04F79EFBC}") = "Logger", "Logger\Logger.csproj", "{A4463B91-8424-4040-89D6-5449DA9F46F6}"
EndProject
Project("{FAE04EC0-301F-11D3-BF4B-00C04F79EFBC}") = "Packer", "Packer\Packer.csproj", "{3B65D397-4C3D-44BC-8E69-7AE6A16581F8}"
	ProjectSection(ProjectDependencies) = postProject
		{A4463B91-8424-4040-89D6-5449DA9F46F6} = {A4463B91-8424-4040-89D6-5449DA9F46F6}
	EndProjectSection
EndProject
Project("{FAE04EC0-301F-11D3-BF4B-00C04F79EFBC}") = "TriggerTest", "TriggerTest\TriggerTest.csproj", "{C733AF2B-630B-4CFF-88CE-216CA19A7474}"
EndProject
Project("{FAE04EC0-301F-11D3-BF4B-00C04F79EFBC}") = "Calendar", "Calendar\Calendar.csproj", "{5FFEA274-1B57-457F-942C-5077FAC98D80}"
	ProjectSection(ProjectDependencies) = postProject
		{C6C3120B-A8F6-4F59-ACB3-CCC7F7FFA24F} = {C6C3120B-A8F6-4F59-ACB3-CCC7F7FFA24F}
	EndProjectSection
EndProject
Project("{FAE04EC0-301F-11D3-BF4B-00C04F79EFBC}") = "Utils", "Utils\Utils.csproj", "{C6C3120B-A8F6-4F59-ACB3-CCC7F7FFA24F}"
EndProject
Global
	GlobalSection(SolutionConfigurationPlatforms) = preSolution
		Debug|Any CPU = Debug|Any CPU
		Release|Any CPU = Release|Any CPU
	EndGlobalSection
	GlobalSection(ProjectConfigurationPlatforms) = postSolution
		{3A3F8E0E-BB13-4EB6-88C1-2492AE2DACCC}.Debug|Any CPU.ActiveCfg = Debug|Any CPU
		{3A3F8E0E-BB13-4EB6-88C1-2492AE2DACCC}.Debug|Any CPU.Build.0 = Debug|Any CPU
		{3A3F8E0E-BB13-4EB6-88C1-2492AE2DACCC}.Release|Any CPU.ActiveCfg = Release|Any CPU
		{3A3F8E0E-BB13-4EB6-88C1-2492AE2DACCC}.Release|Any CPU.Build.0 = Release|Any CPU
		{5CCD8F8A-4432-4793-A2AF-DF8C4A9BD3B7}.Debug|Any CPU.ActiveCfg = Debug
		{5CCD8F8A-4432-4793-A2AF-DF8C4A9BD3B7}.Release|Any CPU.ActiveCfg = Release
		{068087E2-864B-40C7-9CBD-AFF4763A99FB}.Debug|Any CPU.ActiveCfg = Debug|Any CPU
		{068087E2-864B-40C7-9CBD-AFF4763A99FB}.Debug|Any CPU.Build.0 = Debug|Any CPU
		{068087E2-864B-40C7-9CBD-AFF4763A99FB}.Release|Any CPU.ActiveCfg = Release|Any CPU
		{068087E2-864B-40C7-9CBD-AFF4763A99FB}.Release|Any CPU.Build.0 = Release|Any CPU
		{A143DC21-278F-4D35-848E-0EA98AC8A330}.Debug|Any CPU.ActiveCfg = Debug|Any CPU
		{A143DC21-278F-4D35-848E-0EA98AC8A330}.Debug|Any CPU.Build.0 = Debug|Any CPU
		{A143DC21-278F-4D35-848E-0EA98AC8A330}.Release|Any CPU.ActiveCfg = Release|Any CPU
		{A143DC21-278F-4D35-848E-0EA98AC8A330}.Release|Any CPU.Build.0 = Release|Any CPU
		{A4463B91-8424-4040-89D6-5449DA9F46F6}.Debug|Any CPU.ActiveCfg = Debug|Any CPU
		{A4463B91-8424-4040-89D6-5449DA9F46F6}.Debug|Any CPU.Build.0 = Debug|Any CPU
		{A4463B91-8424-4040-89D6-5449DA9F46F6}.Release|Any CPU.ActiveCfg = Release|Any CPU
		{A4463B91-8424-4040-89D6-5449DA9F46F6}.Release|Any CPU.Build.0 = Release|Any CPU
		{3B65D397-4C3D-44BC-8E69-7AE6A16581F8}.Debug|Any CPU.ActiveCfg = Debug|Any CPU
		{3B65D397-4C3D-44BC-8E69-7AE6A16581F8}.Debug|Any CPU.Build.0 = Debug|Any CPU
		{3B65D397-4C3D-44BC-8E69-7AE6A16581F8}.Release|Any CPU.ActiveCfg = Release|Any CPU
		{3B65D397-4C3D-44BC-8E69-7AE6A16581F8}.Release|Any CPU.Build.0 = Release|Any CPU
		{C733AF2B-630B-4CFF-88CE-216CA19A7474}.Debug|Any CPU.ActiveCfg = Debug|Any CPU
		{C733AF2B-630B-4CFF-88CE-216CA19A7474}.Debug|Any CPU.Build.0 = Debug|Any CPU
		{C733AF2B-630B-4CFF-88CE-216CA19A7474}.Release|Any CPU.ActiveCfg = Release|Any CPU
		{C733AF2B-630B-4CFF-88CE-216CA19A7474}.Release|Any CPU.Build.0 = Release|Any CPU
		{5FFEA274-1B57-457F-942C-5077FAC98D80}.Debug|Any CPU.ActiveCfg = Debug|Any CPU
		{5FFEA274-1B57-457F-942C-5077FAC98D80}.Debug|Any CPU.Build.0 = Debug|Any CPU
		{5FFEA274-1B57-457F-942C-5077FAC98D80}.Release|Any CPU.ActiveCfg = Release|Any CPU
		{5FFEA274-1B57-457F-942C-5077FAC98D80}.Release|Any CPU.Build.0 = Release|Any CPU
		{C6C3120B-A8F6-4F59-ACB3-CCC7F7FFA24F}.Debug|Any CPU.ActiveCfg = Debug|Any CPU
		{C6C3120B-A8F6-4F59-ACB3-CCC7F7FFA24F}.Debug|Any CPU.Build.0 = Debug|Any CPU
		{C6C3120B-A8F6-4F59-ACB3-CCC7F7FFA24F}.Release|Any CPU.ActiveCfg = Release|Any CPU
		{C6C3120B-A8F6-4F59-ACB3-CCC7F7FFA24F}.Release|Any CPU.Build.0 = Release|Any CPU
	EndGlobalSection
	GlobalSection(SolutionProperties) = preSolution
		HideSolutionNode = FALSE
	EndGlobalSection
EndGlobal
